
Microsoft Visual Studio Solution File, Format Version 12.00
# Visual Studio Version 16
VisualStudioVersion = 16.0.28922.388
MinimumVisualStudioVersion = 10.0.40219.1
Project("{FAE04EC0-301F-11D3-BF4B-00C04F79EFBC}") = "UserMaintenance", "UserMaintenance.csproj", "{4D9594CE-DD39-43A6-AA8A-B943F20FC7D2}"
EndProject
Global
	GlobalSection(SolutionConfigurationPlatforms) = preSolution
		Debug|Any CPU = Debug|Any CPU
		Release|Any CPU = Release|Any CPU
	EndGlobalSection
	GlobalSection(ProjectConfigurationPlatforms) = postSolution
		{4D9594CE-DD39-43A6-AA8A-B943F20FC7D2}.Debug|Any CPU.ActiveCfg = Debug|Any CPU
		{4D9594CE-DD39-43A6-AA8A-B943F20FC7D2}.Debug|Any CPU.Build.0 = Debug|Any CPU
		{4D9594CE-DD39-43A6-AA8A-B943F20FC7D2}.Release|Any CPU.ActiveCfg = Release|Any CPU
		{4D9594CE-DD39-43A6-AA8A-B943F20FC7D2}.Release|Any CPU.Build.0 = Release|Any CPU
	EndGlobalSection
	GlobalSection(SolutionProperties) = preSolution
		HideSolutionNode = FALSE
	EndGlobalSection
	GlobalSection(ExtensibilityGlobals) = postSolution
		SolutionGuid = {C76E61AE-ED30-4820-84E5-0899A8885AD0}
	EndGlobalSection
EndGlobal
